prepare:
  cmd: python src/prepare.py
  deps:
  - path: data/raw
    md5: a8a5252d9b14ab2c1be283822a86981a.dir
  - path: src/prepare.py
    md5: ef804f358e00edcfe52c865b471f8f55
  outs:
  - path: data/prepared/test.csv
    md5: dcfd571a7813a84153afcc73427e7e88
  - path: data/prepared/train.csv
    md5: f1bbda0d2d7a98e07ac7827b37a86d15
train:
  cmd: python src/train.py
  deps:
  - path: data/prepared/train.csv
    md5: f1bbda0d2d7a98e07ac7827b37a86d15
  - path: src/train.py
    md5: a055b0c193762cd4c6c609cf8a6370df
  outs:
  - path: model/model.joblib
    md5: c433310954165d63165b50a002a0a179
evaluate:
  cmd: python src/evaluate.py
  deps:
  - path: model/model.joblib
    md5: c433310954165d63165b50a002a0a179
  - path: src/evaluate.py
    md5: b197277667d6269271fff4ae4af8a941
  outs:
  - path: metrics/accuracy.json
    md5: 71e1f6c972f8870bcad61648e1392d90
